PODS:
  - CodeEditorView (0.3.5)
  - Masonry (1.0.1)

DEPENDENCIES:
  - CodeEditorView
  - Masonry

SPEC CHECKSUMS:
  CodeEditorView: 42212822fc8bf26c13313f55fa0e78315a4b657d
  Masonry: a1a931a0d08870ed8ae415a2ea5ea68ebcac77df

PODFILE CHECKSUM: b3cab1a5dba5887655a5863367e999da7b91aca2

COCOAPODS: 1.0.1
