PODS:
  - CodeEditorView (0.4.1):
    - RFKeyboardToolbar (~> 1.3)
  - Masonry (1.0.1)
  - RFKeyboardToolbar (1.3)

DEPENDENCIES:
  - CodeEditorView
  - Masonry

SPEC CHECKSUMS:
  CodeEditorView: 75298d3bec1294a99dc32e7624656d6c82b6ddd6
  Masonry: a1a931a0d08870ed8ae415a2ea5ea68ebcac77df
  RFKeyboardToolbar: c96a7d9458564d1fedc8ef6844b6c467934aade2

PODFILE CHECKSUM: b3cab1a5dba5887655a5863367e999da7b91aca2

COCOAPODS: 1.0.1
