// !$*UTF8*$!
{
	archiveVersion = 1;
	classes = {
	};
	objectVersion = 46;
	objects = {

/* Begin PBXBuildFile section */
		5FCAB3531D62BF850039F8E1 /* main.m in Sources */ = {isa = PBXBuildFile; fileRef = 5FCAB3521D62BF850039F8E1 /* main.m */; };
		5FCAB3561D62BF850039F8E1 /* AppDelegate.m in Sources */ = {isa = PBXBuildFile; fileRef = 5FCAB3551D62BF850039F8E1 /* AppDelegate.m */; };
		5FCAB35E1D62BF850039F8E1 /* Assets.xcassets in Resources */ = {isa = PBXBuildFile; fileRef = 5FCAB35D1D62BF850039F8E1 /* Assets.xcassets */; };
		5FCAB3611D62BF850039F8E1 /* LaunchScreen.storyboard in Resources */ = {isa = PBXBuildFile; fileRef = 5FCAB35F1D62BF850039F8E1 /* LaunchScreen.storyboard */; };
		5FCAB36A1D62C0290039F8E1 /* MainViewController.m in Sources */ = {isa = PBXBuildFile; fileRef = 5FCAB3691D62C0290039F8E1 /* MainViewController.m */; };
		5FCAB3701D62D51C0039F8E1 /* Codeditor.m in Sources */ = {isa = PBXBuildFile; fileRef = 5FCAB36F1D62D51C0039F8E1 /* Codeditor.m */; };
		5FCAB3731D62D6A20039F8E1 /* CodeditorColorScheme.m in Sources */ = {isa = PBXBuildFile; fileRef = 5FCAB3721D62D6A20039F8E1 /* CodeditorColorScheme.m */; };
		5FCAB3791D62D9DC0039F8E1 /* CodeditorColorAttribute.m in Sources */ = {isa = PBXBuildFile; fileRef = 5FCAB3781D62D9DC0039F8E1 /* CodeditorColorAttribute.m */; };
		5FCAB37F1D62E3A90039F8E1 /* CodeditorLanguage.m in Sources */ = {isa = PBXBuildFile; fileRef = 5FCAB37E1D62E3A90039F8E1 /* CodeditorLanguage.m */; };
		5FCAB3821D62E3C20039F8E1 /* CodeditorPattern.m in Sources */ = {isa = PBXBuildFile; fileRef = 5FCAB3811D62E3C20039F8E1 /* CodeditorPattern.m */; };
		5FCAB3851D62EB750039F8E1 /* CodeditorLanguagePattern.m in Sources */ = {isa = PBXBuildFile; fileRef = 5FCAB3841D62EB750039F8E1 /* CodeditorLanguagePattern.m */; };
		F4B1ED89C97CA41C59E30774 /* libPods-Codeditor-IOS.a in Frameworks */ = {isa = PBXBuildFile; fileRef = 855FF6C41CA9797534436CF9 /* libPods-Codeditor-IOS.a */; };
/* End PBXBuildFile section */

/* Begin PBXFileReference section */
		52B5A266E8AF328EBAD58FE9 /* Pods-Codeditor-IOS.release.xcconfig */ = {isa = PBXFileReference; includeInIndex = 1; lastKnownFileType = text.xcconfig; name = "Pods-Codeditor-IOS.release.xcconfig"; path = "Pods/Target Support Files/Pods-Codeditor-IOS/Pods-Codeditor-IOS.release.xcconfig"; sourceTree = "<group>"; };
		5FCAB34E1D62BF850039F8E1 /* Codeditor-IOS.app */ = {isa = PBXFileReference; explicitFileType = wrapper.application; includeInIndex = 0; path = "Codeditor-IOS.app"; sourceTree = BUILT_PRODUCTS_DIR; };
		5FCAB3521D62BF850039F8E1 /* main.m */ = {isa = PBXFileReference; lastKnownFileType = sourcecode.c.objc; path = main.m; sourceTree = "<group>"; };
		5FCAB3541D62BF850039F8E1 /* AppDelegate.h */ = {isa = PBXFileReference; lastKnownFileType = sourcecode.c.h; path = AppDelegate.h; sourceTree = "<group>"; };
		5FCAB3551D62BF850039F8E1 /* AppDelegate.m */ = {isa = PBXFileReference; lastKnownFileType = sourcecode.c.objc; path = AppDelegate.m; sourceTree = "<group>"; };
		5FCAB35D1D62BF850039F8E1 /* Assets.xcassets */ = {isa = PBXFileReference; lastKnownFileType = folder.assetcatalog; path = Assets.xcassets; sourceTree = "<group>"; };
		5FCAB3601D62BF850039F8E1 /* Base */ = {isa = PBXFileReference; lastKnownFileType = file.storyboard; name = Base; path = Base.lproj/LaunchScreen.storyboard; sourceTree = "<group>"; };
		5FCAB3621D62BF850039F8E1 /* Info.plist */ = {isa = PBXFileReference; lastKnownFileType = text.plist.xml; path = Info.plist; sourceTree = "<group>"; };
		5FCAB3681D62C0290039F8E1 /* MainViewController.h */ = {isa = PBXFileReference; fileEncoding = 4; lastKnownFileType = sourcecode.c.h; path = MainViewController.h; sourceTree = "<group>"; };
		5FCAB3691D62C0290039F8E1 /* MainViewController.m */ = {isa = PBXFileReference; fileEncoding = 4; lastKnownFileType = sourcecode.c.objc; path = MainViewController.m; sourceTree = "<group>"; };
		5FCAB36E1D62D51C0039F8E1 /* Codeditor.h */ = {isa = PBXFileReference; fileEncoding = 4; lastKnownFileType = sourcecode.c.h; path = Codeditor.h; sourceTree = "<group>"; };
		5FCAB36F1D62D51C0039F8E1 /* Codeditor.m */ = {isa = PBXFileReference; fileEncoding = 4; lastKnownFileType = sourcecode.c.objc; path = Codeditor.m; sourceTree = "<group>"; };
		5FCAB3711D62D6A20039F8E1 /* CodeditorColorScheme.h */ = {isa = PBXFileReference; fileEncoding = 4; lastKnownFileType = sourcecode.c.h; path = CodeditorColorScheme.h; sourceTree = "<group>"; };
		5FCAB3721D62D6A20039F8E1 /* CodeditorColorScheme.m */ = {isa = PBXFileReference; fileEncoding = 4; lastKnownFileType = sourcecode.c.objc; path = CodeditorColorScheme.m; sourceTree = "<group>"; };
		5FCAB3771D62D9DC0039F8E1 /* CodeditorColorAttribute.h */ = {isa = PBXFileReference; fileEncoding = 4; lastKnownFileType = sourcecode.c.h; path = CodeditorColorAttribute.h; sourceTree = "<group>"; };
		5FCAB3781D62D9DC0039F8E1 /* CodeditorColorAttribute.m */ = {isa = PBXFileReference; fileEncoding = 4; lastKnownFileType = sourcecode.c.objc; path = CodeditorColorAttribute.m; sourceTree = "<group>"; };
		5FCAB37D1D62E3A90039F8E1 /* CodeditorLanguage.h */ = {isa = PBXFileReference; fileEncoding = 4; lastKnownFileType = sourcecode.c.h; path = CodeditorLanguage.h; sourceTree = "<group>"; };
		5FCAB37E1D62E3A90039F8E1 /* CodeditorLanguage.m */ = {isa = PBXFileReference; fileEncoding = 4; lastKnownFileType = sourcecode.c.objc; path = CodeditorLanguage.m; sourceTree = "<group>"; };
		5FCAB3801D62E3C20039F8E1 /* CodeditorPattern.h */ = {isa = PBXFileReference; fileEncoding = 4; lastKnownFileType = sourcecode.c.h; path = CodeditorPattern.h; sourceTree = "<group>"; };
		5FCAB3811D62E3C20039F8E1 /* CodeditorPattern.m */ = {isa = PBXFileReference; fileEncoding = 4; lastKnownFileType = sourcecode.c.objc; path = CodeditorPattern.m; sourceTree = "<group>"; };
		5FCAB3831D62EB750039F8E1 /* CodeditorLanguagePattern.h */ = {isa = PBXFileReference; fileEncoding = 4; lastKnownFileType = sourcecode.c.h; path = CodeditorLanguagePattern.h; sourceTree = "<group>"; };
		5FCAB3841D62EB750039F8E1 /* CodeditorLanguagePattern.m */ = {isa = PBXFileReference; fileEncoding = 4; lastKnownFileType = sourcecode.c.objc; path = CodeditorLanguagePattern.m; sourceTree = "<group>"; };
		855FF6C41CA9797534436CF9 /* libPods-Codeditor-IOS.a */ = {isa = PBXFileReference; explicitFileType = archive.ar; includeInIndex = 0; path = "libPods-Codeditor-IOS.a"; sourceTree = BUILT_PRODUCTS_DIR; };
		8A6DD85393F53E1318A92413 /* Pods-Codeditor-IOS.debug.xcconfig */ = {isa = PBXFileReference; includeInIndex = 1; lastKnownFileType = text.xcconfig; name = "Pods-Codeditor-IOS.debug.xcconfig"; path = "Pods/Target Support Files/Pods-Codeditor-IOS/Pods-Codeditor-IOS.debug.xcconfig"; sourceTree = "<group>"; };
/* End PBXFileReference section */

/* Begin PBXFrameworksBuildPhase section */
		5FCAB34B1D62BF850039F8E1 /* Frameworks */ = {
			isa = PBXFrameworksBuildPhase;
			buildActionMask = 2147483647;
			files = (
				F4B1ED89C97CA41C59E30774 /* libPods-Codeditor-IOS.a in Frameworks */,
			);
			runOnlyForDeploymentPostprocessing = 0;
		};
/* End PBXFrameworksBuildPhase section */

/* Begin PBXGroup section */
		37AAD0489B6EE4326876FC39 /* Pods */ = {
			isa = PBXGroup;
			children = (
				8A6DD85393F53E1318A92413 /* Pods-Codeditor-IOS.debug.xcconfig */,
				52B5A266E8AF328EBAD58FE9 /* Pods-Codeditor-IOS.release.xcconfig */,
			);
			name = Pods;
			sourceTree = "<group>";
		};
		5FCAB3451D62BF850039F8E1 = {
			isa = PBXGroup;
			children = (
				5FCAB36D1D62D0230039F8E1 /* Codeditor */,
				5FCAB3501D62BF850039F8E1 /* Codeditor-IOS */,
				5FCAB34F1D62BF850039F8E1 /* Products */,
				37AAD0489B6EE4326876FC39 /* Pods */,
				A6A3FD1AFE7EBF2E28B4156C /* Frameworks */,
			);
			sourceTree = "<group>";
		};
		5FCAB34F1D62BF850039F8E1 /* Products */ = {
			isa = PBXGroup;
			children = (
				5FCAB34E1D62BF850039F8E1 /* Codeditor-IOS.app */,
			);
			name = Products;
			sourceTree = "<group>";
		};
		5FCAB3501D62BF850039F8E1 /* Codeditor-IOS */ = {
			isa = PBXGroup;
			children = (
				5FCAB3541D62BF850039F8E1 /* AppDelegate.h */,
				5FCAB3551D62BF850039F8E1 /* AppDelegate.m */,
				5FCAB35D1D62BF850039F8E1 /* Assets.xcassets */,
				5FCAB35F1D62BF850039F8E1 /* LaunchScreen.storyboard */,
				5FCAB3621D62BF850039F8E1 /* Info.plist */,
				5FCAB3511D62BF850039F8E1 /* Supporting Files */,
				5FCAB3681D62C0290039F8E1 /* MainViewController.h */,
				5FCAB3691D62C0290039F8E1 /* MainViewController.m */,
			);
			path = "Codeditor-IOS";
			sourceTree = "<group>";
		};
		5FCAB3511D62BF850039F8E1 /* Supporting Files */ = {
			isa = PBXGroup;
			children = (
				5FCAB3521D62BF850039F8E1 /* main.m */,
			);
			name = "Supporting Files";
			sourceTree = "<group>";
		};
		5FCAB36D1D62D0230039F8E1 /* Codeditor */ = {
			isa = PBXGroup;
			children = (
				5FCAB36E1D62D51C0039F8E1 /* Codeditor.h */,
				5FCAB36F1D62D51C0039F8E1 /* Codeditor.m */,
				5FCAB3711D62D6A20039F8E1 /* CodeditorColorScheme.h */,
				5FCAB3721D62D6A20039F8E1 /* CodeditorColorScheme.m */,
				5FCAB3771D62D9DC0039F8E1 /* CodeditorColorAttribute.h */,
				5FCAB3781D62D9DC0039F8E1 /* CodeditorColorAttribute.m */,
				5FCAB37D1D62E3A90039F8E1 /* CodeditorLanguage.h */,
				5FCAB37E1D62E3A90039F8E1 /* CodeditorLanguage.m */,
				5FCAB3801D62E3C20039F8E1 /* CodeditorPattern.h */,
				5FCAB3811D62E3C20039F8E1 /* CodeditorPattern.m */,
				5FCAB3831D62EB750039F8E1 /* CodeditorLanguagePattern.h */,
				5FCAB3841D62EB750039F8E1 /* CodeditorLanguagePattern.m */,
			);
			path = Codeditor;
			sourceTree = "<group>";
		};
		A6A3FD1AFE7EBF2E28B4156C /* Frameworks */ = {
			isa = PBXGroup;
			children = (
				855FF6C41CA9797534436CF9 /* libPods-Codeditor-IOS.a */,
			);
			name = Frameworks;
			sourceTree = "<group>";
		};
/* End PBXGroup section */

/* Begin PBXNativeTarget section */
		5FCAB34D1D62BF850039F8E1 /* Codeditor-IOS */ = {
			isa = PBXNativeTarget;
			buildConfigurationList = 5FCAB3651D62BF850039F8E1 /* Build configuration list for PBXNativeTarget "Codeditor-IOS" */;
			buildPhases = (
				C0708DC4042643904D727139 /* 📦 Check Pods Manifest.lock */,
				7DA7F4C16C4470219C3FDD8F /* [CP] Check Pods Manifest.lock */,
				5FCAB34A1D62BF850039F8E1 /* Sources */,
				5FCAB34B1D62BF850039F8E1 /* Frameworks */,
				5FCAB34C1D62BF850039F8E1 /* Resources */,
				4C79CD984EA2C6ED793B2EE7 /* [CP] Embed Pods Frameworks */,
				CD8069B3B9BCE30E29A3F92C /* [CP] Copy Pods Resources */,
				F5A15B6C2D1D3DA39BA94216 /* 📦 Embed Pods Frameworks */,
				F243AD30140D08D0FE7FE805 /* 📦 Copy Pods Resources */,
			);
			buildRules = (
			);
			dependencies = (
			);
			name = "Codeditor-IOS";
			productName = "Codeditor-IOS";
			productReference = 5FCAB34E1D62BF850039F8E1 /* Codeditor-IOS.app */;
			productType = "com.apple.product-type.application";
		};
/* End PBXNativeTarget section */

/* Begin PBXProject section */
		5FCAB3461D62BF850039F8E1 /* Project object */ = {
			isa = PBXProject;
			attributes = {
				LastUpgradeCheck = 0730;
				ORGANIZATIONNAME = QKTeam;
				TargetAttributes = {
					5FCAB34D1D62BF850039F8E1 = {
						CreatedOnToolsVersion = 7.3.1;
						DevelopmentTeam = 9MKLJRJTT4;
					};
				};
			};
			buildConfigurationList = 5FCAB3491D62BF850039F8E1 /* Build configuration list for PBXProject "Codeditor-IOS" */;
			compatibilityVersion = "Xcode 3.2";
			developmentRegion = English;
			hasScannedForEncodings = 0;
			knownRegions = (
				en,
				Base,
			);
			mainGroup = 5FCAB3451D62BF850039F8E1;
			productRefGroup = 5FCAB34F1D62BF850039F8E1 /* Products */;
			projectDirPath = "";
			projectRoot = "";
			targets = (
				5FCAB34D1D62BF850039F8E1 /* Codeditor-IOS */,
			);
		};
/* End PBXProject section */

/* Begin PBXResourcesBuildPhase section */
		5FCAB34C1D62BF850039F8E1 /* Resources */ = {
			isa = PBXResourcesBuildPhase;
			buildActionMask = 2147483647;
			files = (
				5FCAB3611D62BF850039F8E1 /* LaunchScreen.storyboard in Resources */,
				5FCAB35E1D62BF850039F8E1 /* Assets.xcassets in Resources */,
			);
			runOnlyForDeploymentPostprocessing = 0;
		};
/* End PBXResourcesBuildPhase section */

/* Begin PBXShellScriptBuildPhase section */
		4C79CD984EA2C6ED793B2EE7 /* [CP] Embed Pods Frameworks */ = {
			isa = PBXShellScriptBuildPhase;
			buildActionMask = 2147483647;
			files = (
			);
			inputPaths = (
			);
			name = "[CP] Embed Pods Frameworks";
			outputPaths = (
			);
			runOnlyForDeploymentPostprocessing = 0;
			shellPath = /bin/sh;
			shellScript = "\"${SRCROOT}/Pods/Target Support Files/Pods-Codeditor-IOS/Pods-Codeditor-IOS-frameworks.sh\"\n";
			showEnvVarsInLog = 0;
		};
		7DA7F4C16C4470219C3FDD8F /* [CP] Check Pods Manifest.lock */ = {
			isa = PBXShellScriptBuildPhase;
			buildActionMask = 2147483647;
			files = (
			);
			inputPaths = (
			);
			name = "[CP] Check Pods Manifest.lock";
			outputPaths = (
			);
			runOnlyForDeploymentPostprocessing = 0;
			shellPath = /bin/sh;
			shellScript = "diff \"${PODS_ROOT}/../Podfile.lock\" \"${PODS_ROOT}/Manifest.lock\" > /dev/null\nif [[ $? != 0 ]] ; then\n    cat << EOM\nerror: The sandbox is not in sync with the Podfile.lock. Run 'pod install' or update your CocoaPods installation.\nEOM\n    exit 1\nfi\n";
			showEnvVarsInLog = 0;
		};
		C0708DC4042643904D727139 /* 📦 Check Pods Manifest.lock */ = {
			isa = PBXShellScriptBuildPhase;
			buildActionMask = 2147483647;
			files = (
			);
			inputPaths = (
			);
			name = "📦 Check Pods Manifest.lock";
			outputPaths = (
			);
			runOnlyForDeploymentPostprocessing = 0;
			shellPath = /bin/sh;
			shellScript = "diff \"${PODS_ROOT}/../Podfile.lock\" \"${PODS_ROOT}/Manifest.lock\" > /dev/null\nif [[ $? != 0 ]] ; then\n    cat << EOM\nerror: The sandbox is not in sync with the Podfile.lock. Run 'pod install' or update your CocoaPods installation.\nEOM\n    exit 1\nfi\n";
			showEnvVarsInLog = 0;
		};
		CD8069B3B9BCE30E29A3F92C /* [CP] Copy Pods Resources */ = {
			isa = PBXShellScriptBuildPhase;
			buildActionMask = 2147483647;
			files = (
			);
			inputPaths = (
			);
			name = "[CP] Copy Pods Resources";
			outputPaths = (
			);
			runOnlyForDeploymentPostprocessing = 0;
			shellPath = /bin/sh;
			shellScript = "\"${SRCROOT}/Pods/Target Support Files/Pods-Codeditor-IOS/Pods-Codeditor-IOS-resources.sh\"\n";
			showEnvVarsInLog = 0;
		};
		F243AD30140D08D0FE7FE805 /* 📦 Copy Pods Resources */ = {
			isa = PBXShellScriptBuildPhase;
			buildActionMask = 2147483647;
			files = (
			);
			inputPaths = (
			);
			name = "📦 Copy Pods Resources";
			outputPaths = (
			);
			runOnlyForDeploymentPostprocessing = 0;
			shellPath = /bin/sh;
			shellScript = "\"${SRCROOT}/Pods/Target Support Files/Pods-Codeditor-IOS/Pods-Codeditor-IOS-resources.sh\"\n";
			showEnvVarsInLog = 0;
		};
		F5A15B6C2D1D3DA39BA94216 /* 📦 Embed Pods Frameworks */ = {
			isa = PBXShellScriptBuildPhase;
			buildActionMask = 2147483647;
			files = (
			);
			inputPaths = (
			);
			name = "📦 Embed Pods Frameworks";
			outputPaths = (
			);
			runOnlyForDeploymentPostprocessing = 0;
			shellPath = /bin/sh;
			shellScript = "\"${SRCROOT}/Pods/Target Support Files/Pods-Codeditor-IOS/Pods-Codeditor-IOS-frameworks.sh\"\n";
			showEnvVarsInLog = 0;
		};
/* End PBXShellScriptBuildPhase section */

/* Begin PBXSourcesBuildPhase section */
		5FCAB34A1D62BF850039F8E1 /* Sources */ = {
			isa = PBXSourcesBuildPhase;
			buildActionMask = 2147483647;
			files = (
				5FCAB3561D62BF850039F8E1 /* AppDelegate.m in Sources */,
				5FCAB36A1D62C0290039F8E1 /* MainViewController.m in Sources */,
				5FCAB3791D62D9DC0039F8E1 /* CodeditorColorAttribute.m in Sources */,
				5FCAB3851D62EB750039F8E1 /* CodeditorLanguagePattern.m in Sources */,
				5FCAB3531D62BF850039F8E1 /* main.m in Sources */,
				5FCAB3701D62D51C0039F8E1 /* Codeditor.m in Sources */,
				5FCAB3821D62E3C20039F8E1 /* CodeditorPattern.m in Sources */,
				5FCAB3731D62D6A20039F8E1 /* CodeditorColorScheme.m in Sources */,
				5FCAB37F1D62E3A90039F8E1 /* CodeditorLanguage.m in Sources */,
			);
			runOnlyForDeploymentPostprocessing = 0;
		};
/* End PBXSourcesBuildPhase section */

/* Begin PBXVariantGroup section */
		5FCAB35F1D62BF850039F8E1 /* LaunchScreen.storyboard */ = {
			isa = PBXVariantGroup;
			children = (
				5FCAB3601D62BF850039F8E1 /* Base */,
			);
			name = LaunchScreen.storyboard;
			sourceTree = "<group>";
		};
/* End PBXVariantGroup section */

/* Begin XCBuildConfiguration section */
		5FCAB3631D62BF850039F8E1 /* Debug */ = {
			isa = XCBuildConfiguration;
			buildSettings = {
				ALWAYS_SEARCH_USER_PATHS = NO;
				CLANG_ANALYZER_NONNULL = YES;
				CLANG_CXX_LANGUAGE_STANDARD = "gnu++0x";
				CLANG_CXX_LIBRARY = "libc++";
				CLANG_ENABLE_MODULES = YES;
				CLANG_ENABLE_OBJC_ARC = YES;
				CLANG_WARN_BOOL_CONVERSION = YES;
				CLANG_WARN_CONSTANT_CONVERSION = YES;
				CLANG_WARN_DIRECT_OBJC_ISA_USAGE = YES_ERROR;
				CLANG_WARN_EMPTY_BODY = YES;
				CLANG_WARN_ENUM_CONVERSION = YES;
				CLANG_WARN_INT_CONVERSION = YES;
				CLANG_WARN_OBJC_ROOT_CLASS = YES_ERROR;
				CLANG_WARN_UNREACHABLE_CODE = YES;
				CLANG_WARN__DUPLICATE_METHOD_MATCH = YES;
				"CODE_SIGN_IDENTITY[sdk=iphoneos*]" = "iPhone Developer";
				COPY_PHASE_STRIP = NO;
				DEBUG_INFORMATION_FORMAT = dwarf;
				ENABLE_STRICT_OBJC_MSGSEND = YES;
				ENABLE_TESTABILITY = YES;
				GCC_C_LANGUAGE_STANDARD = gnu99;
				GCC_DYNAMIC_NO_PIC = NO;
				GCC_NO_COMMON_BLOCKS = YES;
				GCC_OPTIMIZATION_LEVEL = 0;
				GCC_PREPROCESSOR_DEFINITIONS = (
					"DEBUG=1",
					"$(inherited)",
				);
				GCC_WARN_64_TO_32_BIT_CONVERSION = YES;
				GCC_WARN_ABOUT_RETURN_TYPE = YES_ERROR;
				GCC_WARN_UNDECLARED_SELECTOR = YES;
				GCC_WARN_UNINITIALIZED_AUTOS = YES_AGGRESSIVE;
				GCC_WARN_UNUSED_FUNCTION = YES;
				GCC_WARN_UNUSED_VARIABLE = YES;
				IPHONEOS_DEPLOYMENT_TARGET = 9.3;
				MTL_ENABLE_DEBUG_INFO = YES;
				ONLY_ACTIVE_ARCH = YES;
				SDKROOT = iphoneos;
				TARGETED_DEVICE_FAMILY = "1,2";
			};
			name = Debug;
		};
		5FCAB3641D62BF850039F8E1 /* Release */ = {
			isa = XCBuildConfiguration;
			buildSettings = {
				ALWAYS_SEARCH_USER_PATHS = NO;
				CLANG_ANALYZER_NONNULL = YES;
				CLANG_CXX_LANGUAGE_STANDARD = "gnu++0x";
				CLANG_CXX_LIBRARY = "libc++";
				CLANG_ENABLE_MODULES = YES;
				CLANG_ENABLE_OBJC_ARC = YES;
				CLANG_WARN_BOOL_CONVERSION = YES;
				CLANG_WARN_CONSTANT_CONVERSION = YES;
				CLANG_WARN_DIRECT_OBJC_ISA_USAGE = YES_ERROR;
				CLANG_WARN_EMPTY_BODY = YES;
				CLANG_WARN_ENUM_CONVERSION = YES;
				CLANG_WARN_INT_CONVERSION = YES;
				CLANG_WARN_OBJC_ROOT_CLASS = YES_ERROR;
				CLANG_WARN_UNREACHABLE_CODE = YES;
				CLANG_WARN__DUPLICATE_METHOD_MATCH = YES;
				"CODE_SIGN_IDENTITY[sdk=iphoneos*]" = "iPhone Developer";
				COPY_PHASE_STRIP = NO;
				DEBUG_INFORMATION_FORMAT = "dwarf-with-dsym";
				ENABLE_NS_ASSERTIONS = NO;
				ENABLE_STRICT_OBJC_MSGSEND = YES;
				GCC_C_LANGUAGE_STANDARD = gnu99;
				GCC_NO_COMMON_BLOCKS = YES;
				GCC_WARN_64_TO_32_BIT_CONVERSION = YES;
				GCC_WARN_ABOUT_RETURN_TYPE = YES_ERROR;
				GCC_WARN_UNDECLARED_SELECTOR = YES;
				GCC_WARN_UNINITIALIZED_AUTOS = YES_AGGRESSIVE;
				GCC_WARN_UNUSED_FUNCTION = YES;
				GCC_WARN_UNUSED_VARIABLE = YES;
				IPHONEOS_DEPLOYMENT_TARGET = 9.3;
				MTL_ENABLE_DEBUG_INFO = NO;
				SDKROOT = iphoneos;
				TARGETED_DEVICE_FAMILY = "1,2";
				VALIDATE_PRODUCT = YES;
			};
			name = Release;
		};
		5FCAB3661D62BF850039F8E1 /* Debug */ = {
			isa = XCBuildConfiguration;
			baseConfigurationReference = 8A6DD85393F53E1318A92413 /* Pods-Codeditor-IOS.debug.xcconfig */;
			buildSettings = {
				ASSETCATALOG_COMPILER_APPICON_NAME = AppIcon;
				CODE_SIGN_IDENTITY = "iPhone Developer";
				"CODE_SIGN_IDENTITY[sdk=iphoneos*]" = "iPhone Developer";
				INFOPLIST_FILE = "Codeditor-IOS/Info.plist";
				IPHONEOS_DEPLOYMENT_TARGET = 9.0;
				LD_RUNPATH_SEARCH_PATHS = "$(inherited) @executable_path/Frameworks";
				PRODUCT_BUNDLE_IDENTIFIER = "com.qkteam.codeditor-ios";
				PRODUCT_NAME = "$(TARGET_NAME)";
				PROVISIONING_PROFILE = "";
			};
			name = Debug;
		};
		5FCAB3671D62BF850039F8E1 /* Release */ = {
			isa = XCBuildConfiguration;
			baseConfigurationReference = 52B5A266E8AF328EBAD58FE9 /* Pods-Codeditor-IOS.release.xcconfig */;
			buildSettings = {
				ASSETCATALOG_COMPILER_APPICON_NAME = AppIcon;
				CODE_SIGN_IDENTITY = "iPhone Developer";
				"CODE_SIGN_IDENTITY[sdk=iphoneos*]" = "iPhone Developer";
				INFOPLIST_FILE = "Codeditor-IOS/Info.plist";
				IPHONEOS_DEPLOYMENT_TARGET = 9.0;
				LD_RUNPATH_SEARCH_PATHS = "$(inherited) @executable_path/Frameworks";
				PRODUCT_BUNDLE_IDENTIFIER = "com.qkteam.codeditor-ios";
				PRODUCT_NAME = "$(TARGET_NAME)";
				PROVISIONING_PROFILE = "";
			};
			name = Release;
		};
/* End XCBuildConfiguration section */

/* Begin XCConfigurationList section */
		5FCAB3491D62BF850039F8E1 /* Build configuration list for PBXProject "Codeditor-IOS" */ = {
			isa = XCConfigurationList;
			buildConfigurations = (
				5FCAB3631D62BF850039F8E1 /* Debug */,
				5FCAB3641D62BF850039F8E1 /* Release */,
			);
			defaultConfigurationIsVisible = 0;
			defaultConfigurationName = Release;
		};
		5FCAB3651D62BF850039F8E1 /* Build configuration list for PBXNativeTarget "Codeditor-IOS" */ = {
			isa = XCConfigurationList;
			buildConfigurations = (
				5FCAB3661D62BF850039F8E1 /* Debug */,
				5FCAB3671D62BF850039F8E1 /* Release */,
			);
			defaultConfigurationIsVisible = 0;
			defaultConfigurationName = Release;
		};
/* End XCConfigurationList section */
	};
	rootObject = 5FCAB3461D62BF850039F8E1 /* Project object */;
}
